
Microsoft Visual Studio Solution File, Format Version 12.00
# Visual Studio Version 16
VisualStudioVersion = 16.0.30907.101
MinimumVisualStudioVersion = 10.0.40219.1
Project("{FAE04EC0-301F-11D3-BF4B-00C04F79EFBC}") = "Stankin.Connect", "Stankin.Connect\Stankin.Connect.csproj", "{AC9649D6-836F-4BAB-982D-214A1ADBDC27}"
EndProject
Global
	GlobalSection(SolutionConfigurationPlatforms) = preSolution
		Debug|Any CPU = Debug|Any CPU
		Release|Any CPU = Release|Any CPU
	EndGlobalSection
	GlobalSection(ProjectConfigurationPlatforms) = postSolution
		{AC9649D6-836F-4BAB-982D-214A1ADBDC27}.Debug|Any CPU.ActiveCfg = Debug|Any CPU
		{AC9649D6-836F-4BAB-982D-214A1ADBDC27}.Debug|Any CPU.Build.0 = Debug|Any CPU
		{AC9649D6-836F-4BAB-982D-214A1ADBDC27}.Release|Any CPU.ActiveCfg = Release|Any CPU
		{AC9649D6-836F-4BAB-982D-214A1ADBDC27}.Release|Any CPU.Build.0 = Release|Any CPU
	EndGlobalSection
	GlobalSection(SolutionProperties) = preSolution
		HideSolutionNode = FALSE
	EndGlobalSection
	GlobalSection(ExtensibilityGlobals) = postSolution
		SolutionGuid = {AB0685FC-D0AA-4600-96E7-9A0D21DD7976}
	EndGlobalSection
EndGlobal
